{
  "version": 4,
  "terraform_version": "1.2.3",
  "serial": 7,
  "lineage": "c65582b3-bddd-cc78-c7f7-1f52f1bdfaa0",
  "outputs": {},
  "resources": [
    {
      "mode": "managed",
      "type": "local_file",
      "name": "foo",
      "provider": "provider[\"registry.terraform.io/hashicorp/local\"]",
      "instances": [
        {
          "schema_version": 0,
          "attributes": {
            "content": "giiv uy",
            "content_base64": null,
            "directory_permission": "777",
            "file_permission": "777",
            "filename": "./hellow.txt",
            "id": "62b5883dd52e17f0ffe3f64bd7ec6ce376d59bda",
            "sensitive_content": null,
            "source": null
          },
          "sensitive_attributes": [],
          "private": "bnVsbA=="
        }
      ]
    }
  ]
}
